
Microsoft Visual Studio Solution File, Format Version 12.00
# Visual Studio Version 17
VisualStudioVersion = 17.0.31903.59
MinimumVisualStudioVersion = 10.0.40219.1
Project("{2150E333-8FDC-42A3-9474-1A3956D46DE8}") = "src", "src", "{5017607F-8BB4-456A-A6BA-D9016C49FE76}"
EndProject
Project("{FAE04EC0-301F-11D3-BF4B-00C04F79EFBC}") = "A2UI.Blazor", "src\A2UI.Blazor\A2UI.Blazor.csproj", "{D2D8B45A-BE36-40B1-985C-4BCF1CEF7C94}"
EndProject
Project("{FAE04EC0-301F-11D3-BF4B-00C04F79EFBC}") = "A2UI.Blazor.Server", "src\A2UI.Blazor.Server\A2UI.Blazor.Server.csproj", "{7C61E854-3EEF-41D0-8FC5-25B645C07B54}"
EndProject
Project("{2150E333-8FDC-42A3-9474-1A3956D46DE8}") = "samples", "samples", "{68E1B064-28AE-4E5E-A773-DEC4849C1655}"
EndProject
Project("{FAE04EC0-301F-11D3-BF4B-00C04F79EFBC}") = "dotnet-server", "samples\dotnet-server\dotnet-server.csproj", "{F125C099-2A68-4331-BF85-61CCA9D188BB}"
EndProject
Project("{FAE04EC0-301F-11D3-BF4B-00C04F79EFBC}") = "blazor-wasm-spa", "samples\blazor-wasm-spa\blazor-wasm-spa.csproj", "{ECCE2127-6924-40CA-BE44-49DFD47B30BA}"
EndProject
Project("{FAE04EC0-301F-11D3-BF4B-00C04F79EFBC}") = "blazor-server-app", "samples\blazor-server-app\blazor-server-app.csproj", "{A5D2027A-B8FD-482F-94DA-5CCD6EFE03A8}"
EndProject
Project("{2150E333-8FDC-42A3-9474-1A3956D46DE8}") = "tests", "tests", "{47083390-335C-4F51-89B7-8757CF75728E}"
EndProject
Project("{FAE04EC0-301F-11D3-BF4B-00C04F79EFBC}") = "A2UI.Blazor.Tests", "tests\A2UI.Blazor.Tests\A2UI.Blazor.Tests.csproj", "{EC5E5B79-9B83-4679-995C-715E5025510B}"
EndProject
Project("{FAE04EC0-301F-11D3-BF4B-00C04F79EFBC}") = "A2UI.Blazor.Playwright", "tests\A2UI.Blazor.Playwright\A2UI.Blazor.Playwright.csproj", "{080CD692-E262-4549-9594-2028DDAE26F0}"
EndProject
Global
	GlobalSection(SolutionConfigurationPlatforms) = preSolution
		Debug|Any CPU = Debug|Any CPU
		Release|Any CPU = Release|Any CPU
	EndGlobalSection
	GlobalSection(SolutionProperties) = preSolution
		HideSolutionNode = FALSE
	EndGlobalSection
	GlobalSection(ProjectConfigurationPlatforms) = postSolution
		{D2D8B45A-BE36-40B1-985C-4BCF1CEF7C94}.Debug|Any CPU.ActiveCfg = Debug|Any CPU
		{D2D8B45A-BE36-40B1-985C-4BCF1CEF7C94}.Debug|Any CPU.Build.0 = Debug|Any CPU
		{D2D8B45A-BE36-40B1-985C-4BCF1CEF7C94}.Release|Any CPU.ActiveCfg = Release|Any CPU
		{D2D8B45A-BE36-40B1-985C-4BCF1CEF7C94}.Release|Any CPU.Build.0 = Release|Any CPU
		{7C61E854-3EEF-41D0-8FC5-25B645C07B54}.Debug|Any CPU.ActiveCfg = Debug|Any CPU
		{7C61E854-3EEF-41D0-8FC5-25B645C07B54}.Debug|Any CPU.Build.0 = Debug|Any CPU
		{7C61E854-3EEF-41D0-8FC5-25B645C07B54}.Release|Any CPU.ActiveCfg = Release|Any CPU
		{7C61E854-3EEF-41D0-8FC5-25B645C07B54}.Release|Any CPU.Build.0 = Release|Any CPU
		{F125C099-2A68-4331-BF85-61CCA9D188BB}.Debug|Any CPU.ActiveCfg = Debug|Any CPU
		{F125C099-2A68-4331-BF85-61CCA9D188BB}.Debug|Any CPU.Build.0 = Debug|Any CPU
		{F125C099-2A68-4331-BF85-61CCA9D188BB}.Release|Any CPU.ActiveCfg = Release|Any CPU
		{F125C099-2A68-4331-BF85-61CCA9D188BB}.Release|Any CPU.Build.0 = Release|Any CPU
		{ECCE2127-6924-40CA-BE44-49DFD47B30BA}.Debug|Any CPU.ActiveCfg = Debug|Any CPU
		{ECCE2127-6924-40CA-BE44-49DFD47B30BA}.Debug|Any CPU.Build.0 = Debug|Any CPU
		{ECCE2127-6924-40CA-BE44-49DFD47B30BA}.Release|Any CPU.ActiveCfg = Release|Any CPU
		{ECCE2127-6924-40CA-BE44-49DFD47B30BA}.Release|Any CPU.Build.0 = Release|Any CPU
		{A5D2027A-B8FD-482F-94DA-5CCD6EFE03A8}.Debug|Any CPU.ActiveCfg = Debug|Any CPU
		{A5D2027A-B8FD-482F-94DA-5CCD6EFE03A8}.Debug|Any CPU.Build.0 = Debug|Any CPU
		{A5D2027A-B8FD-482F-94DA-5CCD6EFE03A8}.Release|Any CPU.ActiveCfg = Release|Any CPU
		{A5D2027A-B8FD-482F-94DA-5CCD6EFE03A8}.Release|Any CPU.Build.0 = Release|Any CPU
		{EC5E5B79-9B83-4679-995C-715E5025510B}.Debug|Any CPU.ActiveCfg = Debug|Any CPU
		{EC5E5B79-9B83-4679-995C-715E5025510B}.Debug|Any CPU.Build.0 = Debug|Any CPU
		{EC5E5B79-9B83-4679-995C-715E5025510B}.Release|Any CPU.ActiveCfg = Release|Any CPU
		{EC5E5B79-9B83-4679-995C-715E5025510B}.Release|Any CPU.Build.0 = Release|Any CPU
		{080CD692-E262-4549-9594-2028DDAE26F0}.Debug|Any CPU.ActiveCfg = Debug|Any CPU
		{080CD692-E262-4549-9594-2028DDAE26F0}.Debug|Any CPU.Build.0 = Debug|Any CPU
		{080CD692-E262-4549-9594-2028DDAE26F0}.Release|Any CPU.ActiveCfg = Release|Any CPU
		{080CD692-E262-4549-9594-2028DDAE26F0}.Release|Any CPU.Build.0 = Release|Any CPU
	EndGlobalSection
	GlobalSection(NestedProjects) = preSolution
		{D2D8B45A-BE36-40B1-985C-4BCF1CEF7C94} = {5017607F-8BB4-456A-A6BA-D9016C49FE76}
		{7C61E854-3EEF-41D0-8FC5-25B645C07B54} = {5017607F-8BB4-456A-A6BA-D9016C49FE76}
		{F125C099-2A68-4331-BF85-61CCA9D188BB} = {68E1B064-28AE-4E5E-A773-DEC4849C1655}
		{ECCE2127-6924-40CA-BE44-49DFD47B30BA} = {68E1B064-28AE-4E5E-A773-DEC4849C1655}
		{A5D2027A-B8FD-482F-94DA-5CCD6EFE03A8} = {68E1B064-28AE-4E5E-A773-DEC4849C1655}
		{EC5E5B79-9B83-4679-995C-715E5025510B} = {47083390-335C-4F51-89B7-8757CF75728E}
		{080CD692-E262-4549-9594-2028DDAE26F0} = {47083390-335C-4F51-89B7-8757CF75728E}
	EndGlobalSection
EndGlobal
